// !$*UTF8*$!
{
	archiveVersion = 1;
	classes = {
	};
	objectVersion = 46;
	objects = {

/* Begin PBXBuildFile section */
		9621BBD71F0CBF5800EBEB44 /* AppDelegate.swift in Sources */ = {isa = PBXBuildFile; fileRef = 9621BBD61F0CBF5800EBEB44 /* AppDelegate.swift */; };
		9621BBD91F0CBF5800EBEB44 /* ViewController.swift in Sources */ = {isa = PBXBuildFile; fileRef = 9621BBD81F0CBF5800EBEB44 /* ViewController.swift */; };
		9621BBDC1F0CBF5800EBEB44 /* Main.storyboard in Resources */ = {isa = PBXBuildFile; fileRef = 9621BBDA1F0CBF5800EBEB44 /* Main.storyboard */; };
		9621BBDE1F0CBF5800EBEB44 /* Assets.xcassets in Resources */ = {isa = PBXBuildFile; fileRef = 9621BBDD1F0CBF5800EBEB44 /* Assets.xcassets */; };
		9621BBE11F0CBF5800EBEB44 /* LaunchScreen.storyboard in Resources */ = {isa = PBXBuildFile; fileRef = 9621BBDF1F0CBF5800EBEB44 /* LaunchScreen.storyboard */; };
		9621BBEC1F0CBF5800EBEB44 /* JojoPizzaNotificationTests.swift in Sources */ = {isa = PBXBuildFile; fileRef = 9621BBEB1F0CBF5800EBEB44 /* JojoPizzaNotificationTests.swift */; };
		9621BBF71F0CBF5800EBEB44 /* JojoPizzaNotificationUITests.swift in Sources */ = {isa = PBXBuildFile; fileRef = 9621BBF61F0CBF5800EBEB44 /* JojoPizzaNotificationUITests.swift */; };
		964B47781F14F17A009A20A8 /* Interface.storyboard in Resources */ = {isa = PBXBuildFile; fileRef = 964B47761F14F17A009A20A8 /* Interface.storyboard */; };
		964B477A1F14F17A009A20A8 /* Assets.xcassets in Resources */ = {isa = PBXBuildFile; fileRef = 964B47791F14F17A009A20A8 /* Assets.xcassets */; };
		964B47811F14F17A009A20A8 /* JojoPizzaWatch Extension.appex in Embed App Extensions */ = {isa = PBXBuildFile; fileRef = 964B47801F14F17A009A20A8 /* JojoPizzaWatch Extension.appex */; settings = {ATTRIBUTES = (RemoveHeadersOnCopy, ); }; };
		964B47881F14F17A009A20A8 /* InterfaceController.swift in Sources */ = {isa = PBXBuildFile; fileRef = 964B47871F14F17A009A20A8 /* InterfaceController.swift */; };
		964B478A1F14F17A009A20A8 /* ExtensionDelegate.swift in Sources */ = {isa = PBXBuildFile; fileRef = 964B47891F14F17A009A20A8 /* ExtensionDelegate.swift */; };
		964B478C1F14F17A009A20A8 /* NotificationController.swift in Sources */ = {isa = PBXBuildFile; fileRef = 964B478B1F14F17A009A20A8 /* NotificationController.swift */; };
		964B478E1F14F17A009A20A8 /* ComplicationController.swift in Sources */ = {isa = PBXBuildFile; fileRef = 964B478D1F14F17A009A20A8 /* ComplicationController.swift */; };
		964B47901F14F17A009A20A8 /* Assets.xcassets in Resources */ = {isa = PBXBuildFile; fileRef = 964B478F1F14F17A009A20A8 /* Assets.xcassets */; };
		964B47941F14F17A009A20A8 /* JojoPizzaWatch.app in Embed Watch Content */ = {isa = PBXBuildFile; fileRef = 964B47741F14F17A009A20A8 /* JojoPizzaWatch.app */; };
		964B479E1F14FD74009A20A8 /* pizzaImage.png in Resources */ = {isa = PBXBuildFile; fileRef = 964B479D1F14FD74009A20A8 /* pizzaImage.png */; };
		964B47A01F150222009A20A8 /* ScheduleInterfaceController.swift in Sources */ = {isa = PBXBuildFile; fileRef = 964B479F1F150222009A20A8 /* ScheduleInterfaceController.swift */; };
		964B47A21F150236009A20A8 /* StepsInterfaceController.swift in Sources */ = {isa = PBXBuildFile; fileRef = 964B47A11F150236009A20A8 /* StepsInterfaceController.swift */; };
		964B47A41F150C6C009A20A8 /* RowController.swift in Sources */ = {isa = PBXBuildFile; fileRef = 964B47A31F150C6C009A20A8 /* RowController.swift */; };
		964B47A61F1510A8009A20A8 /* DetailInterfaceController.swift in Sources */ = {isa = PBXBuildFile; fileRef = 964B47A51F1510A8009A20A8 /* DetailInterfaceController.swift */; };
		964B47A91F163956009A20A8 /* AddNoteInterfaceController.swift in Sources */ = {isa = PBXBuildFile; fileRef = 964B47A81F163956009A20A8 /* AddNoteInterfaceController.swift */; };
		964B47AB1F1747DF009A20A8 /* MakePizza_0.png in Resources */ = {isa = PBXBuildFile; fileRef = 964B47AA1F1747DF009A20A8 /* MakePizza_0.png */; };
		964B47B21F1748EF009A20A8 /* MakePizza_1.png in Resources */ = {isa = PBXBuildFile; fileRef = 964B47AC1F1748EF009A20A8 /* MakePizza_1.png */; };
		964B47B31F1748EF009A20A8 /* MakePizza_2.png in Resources */ = {isa = PBXBuildFile; fileRef = 964B47AD1F1748EF009A20A8 /* MakePizza_2.png */; };
		964B47B41F1748EF009A20A8 /* MakePizza_3.png in Resources */ = {isa = PBXBuildFile; fileRef = 964B47AE1F1748EF009A20A8 /* MakePizza_3.png */; };
		964B47B51F1748EF009A20A8 /* MakePizza_4.png in Resources */ = {isa = PBXBuildFile; fileRef = 964B47AF1F1748EF009A20A8 /* MakePizza_4.png */; };
		964B47B61F1748EF009A20A8 /* MakePizza_5.png in Resources */ = {isa = PBXBuildFile; fileRef = 964B47B01F1748EF009A20A8 /* MakePizza_5.png */; };
		964B47B71F1748EF009A20A8 /* MakePizza_6.png in Resources */ = {isa = PBXBuildFile; fileRef = 964B47B11F1748EF009A20A8 /* MakePizza_6.png */; };
		964B47B91F17721F009A20A8 /* DessertNotification.swift in Sources */ = {isa = PBXBuildFile; fileRef = 964B47B81F17721F009A20A8 /* DessertNotification.swift */; };
		964B47BB1F1792A5009A20A8 /* DessertNotificationController.swift in Sources */ = {isa = PBXBuildFile; fileRef = 964B47BA1F1792A5009A20A8 /* DessertNotificationController.swift */; };
		96D568EE1F0F524D000AE306 /* Jojo.mp3 in Resources */ = {isa = PBXBuildFile; fileRef = 96D568EC1F0F524D000AE306 /* Jojo.mp3 */; };
		96D568EF1F0F524D000AE306 /* JojoPizzaMovie.mp4 in Resources */ = {isa = PBXBuildFile; fileRef = 96D568ED1F0F524D000AE306 /* JojoPizzaMovie.mp4 */; };
		96D568F91F0F5BCD000AE306 /* MakePizza_0.gif in Resources */ = {isa = PBXBuildFile; fileRef = 96D568F11F0F5BCD000AE306 /* MakePizza_0.gif */; };
		96D568FA1F0F5BCD000AE306 /* MakePizza_0.jpg in Resources */ = {isa = PBXBuildFile; fileRef = 96D568F21F0F5BCD000AE306 /* MakePizza_0.jpg */; };
		96D568FB1F0F5BCD000AE306 /* MakePizza_1.jpg in Resources */ = {isa = PBXBuildFile; fileRef = 96D568F31F0F5BCD000AE306 /* MakePizza_1.jpg */; };
		96D568FC1F0F5BCD000AE306 /* MakePizza_2.jpg in Resources */ = {isa = PBXBuildFile; fileRef = 96D568F41F0F5BCD000AE306 /* MakePizza_2.jpg */; };
		96D568FD1F0F5BCD000AE306 /* MakePizza_3.jpg in Resources */ = {isa = PBXBuildFile; fileRef = 96D568F51F0F5BCD000AE306 /* MakePizza_3.jpg */; };
		96D568FE1F0F5BCD000AE306 /* MakePizza_4.jpg in Resources */ = {isa = PBXBuildFile; fileRef = 96D568F61F0F5BCD000AE306 /* MakePizza_4.jpg */; };
		96D568FF1F0F5BCD000AE306 /* MakePizza_5.jpg in Resources */ = {isa = PBXBuildFile; fileRef = 96D568F71F0F5BCD000AE306 /* MakePizza_5.jpg */; };
		96D569001F0F5BCD000AE306 /* MakePizza_6.jpg in Resources */ = {isa = PBXBuildFile; fileRef = 96D568F81F0F5BCD000AE306 /* MakePizza_6.jpg */; };
/* End PBXBuildFile section */

/* Begin PBXContainerItemProxy section */
		9621BBE81F0CBF5800EBEB44 /* PBXContainerItemProxy */ = {
			isa = PBXContainerItemProxy;
			containerPortal = 9621BBCB1F0CBF5800EBEB44 /* Project object */;
			proxyType = 1;
			remoteGlobalIDString = 9621BBD21F0CBF5800EBEB44;
			remoteInfo = JojoPizzaNotification;
		};
		9621BBF31F0CBF5800EBEB44 /* PBXContainerItemProxy */ = {
			isa = PBXContainerItemProxy;
			containerPortal = 9621BBCB1F0CBF5800EBEB44 /* Project object */;
			proxyType = 1;
			remoteGlobalIDString = 9621BBD21F0CBF5800EBEB44;
			remoteInfo = JojoPizzaNotification;
		};
		964B47821F14F17A009A20A8 /* PBXContainerItemProxy */ = {
			isa = PBXContainerItemProxy;
			containerPortal = 9621BBCB1F0CBF5800EBEB44 /* Project object */;
			proxyType = 1;
			remoteGlobalIDString = 964B477F1F14F17A009A20A8;
			remoteInfo = "JojoPizzaWatch Extension";
		};
		964B47921F14F17A009A20A8 /* PBXContainerItemProxy */ = {
			isa = PBXContainerItemProxy;
			containerPortal = 9621BBCB1F0CBF5800EBEB44 /* Project object */;
			proxyType = 1;
			remoteGlobalIDString = 964B47731F14F17A009A20A8;
			remoteInfo = JojoPizzaWatch;
		};
/* End PBXContainerItemProxy section */

/* Begin PBXCopyFilesBuildPhase section */
		964B479A1F14F17A009A20A8 /* Embed App Extensions */ = {
			isa = PBXCopyFilesBuildPhase;
			buildActionMask = 2147483647;
			dstPath = "";
			dstSubfolderSpec = 13;
			files = (
				964B47811F14F17A009A20A8 /* JojoPizzaWatch Extension.appex in Embed App Extensions */,
			);
			name = "Embed App Extensions";
			runOnlyForDeploymentPostprocessing = 0;
		};
		964B479C1F14F17A009A20A8 /* Embed Watch Content */ = {
			isa = PBXCopyFilesBuildPhase;
			buildActionMask = 2147483647;
			dstPath = "$(CONTENTS_FOLDER_PATH)/Watch";
			dstSubfolderSpec = 16;
			files = (
				964B47941F14F17A009A20A8 /* JojoPizzaWatch.app in Embed Watch Content */,
			);
			name = "Embed Watch Content";
			runOnlyForDeploymentPostprocessing = 0;
		};
/* End PBXCopyFilesBuildPhase section */

/* Begin PBXFileReference section */
		9621BBD31F0CBF5800EBEB44 /* JojoPizzaNotification.app */ = {isa = PBXFileReference; explicitFileType = wrapper.application; includeInIndex = 0; path = JojoPizzaNotification.app; sourceTree = BUILT_PRODUCTS_DIR; };
		9621BBD61F0CBF5800EBEB44 /* AppDelegate.swift */ = {isa = PBXFileReference; lastKnownFileType = sourcecode.swift; path = AppDelegate.swift; sourceTree = "<group>"; };
		9621BBD81F0CBF5800EBEB44 /* ViewController.swift */ = {isa = PBXFileReference; lastKnownFileType = sourcecode.swift; path = ViewController.swift; sourceTree = "<group>"; };
		9621BBDB1F0CBF5800EBEB44 /* Base */ = {isa = PBXFileReference; lastKnownFileType = file.storyboard; name = Base; path = Base.lproj/Main.storyboard; sourceTree = "<group>"; };
		9621BBDD1F0CBF5800EBEB44 /* Assets.xcassets */ = {isa = PBXFileReference; lastKnownFileType = folder.assetcatalog; path = Assets.xcassets; sourceTree = "<group>"; };
		9621BBE01F0CBF5800EBEB44 /* Base */ = {isa = PBXFileReference; lastKnownFileType = file.storyboard; name = Base; path = Base.lproj/LaunchScreen.storyboard; sourceTree = "<group>"; };
		9621BBE21F0CBF5800EBEB44 /* Info.plist */ = {isa = PBXFileReference; lastKnownFileType = text.plist.xml; path = Info.plist; sourceTree = "<group>"; };
		9621BBE71F0CBF5800EBEB44 /* JojoPizzaNotificationTests.xctest */ = {isa = PBXFileReference; explicitFileType = wrapper.cfbundle; includeInIndex = 0; path = JojoPizzaNotificationTests.xctest; sourceTree = BUILT_PRODUCTS_DIR; };
		9621BBEB1F0CBF5800EBEB44 /* JojoPizzaNotificationTests.swift */ = {isa = PBXFileReference; lastKnownFileType = sourcecode.swift; path = JojoPizzaNotificationTests.swift; sourceTree = "<group>"; };
		9621BBED1F0CBF5800EBEB44 /* Info.plist */ = {isa = PBXFileReference; lastKnownFileType = text.plist.xml; path = Info.plist; sourceTree = "<group>"; };
		9621BBF21F0CBF5800EBEB44 /* JojoPizzaNotificationUITests.xctest */ = {isa = PBXFileReference; explicitFileType = wrapper.cfbundle; includeInIndex = 0; path = JojoPizzaNotificationUITests.xctest; sourceTree = BUILT_PRODUCTS_DIR; };
		9621BBF61F0CBF5800EBEB44 /* JojoPizzaNotificationUITests.swift */ = {isa = PBXFileReference; lastKnownFileType = sourcecode.swift; path = JojoPizzaNotificationUITests.swift; sourceTree = "<group>"; };
		9621BBF81F0CBF5800EBEB44 /* Info.plist */ = {isa = PBXFileReference; lastKnownFileType = text.plist.xml; path = Info.plist; sourceTree = "<group>"; };
		964B47741F14F17A009A20A8 /* JojoPizzaWatch.app */ = {isa = PBXFileReference; explicitFileType = wrapper.application; includeInIndex = 0; path = JojoPizzaWatch.app; sourceTree = BUILT_PRODUCTS_DIR; };
		964B47771F14F17A009A20A8 /* Base */ = {isa = PBXFileReference; lastKnownFileType = file.storyboard; name = Base; path = Base.lproj/Interface.storyboard; sourceTree = "<group>"; };
		964B47791F14F17A009A20A8 /* Assets.xcassets */ = {isa = PBXFileReference; lastKnownFileType = folder.assetcatalog; path = Assets.xcassets; sourceTree = "<group>"; };
		964B477B1F14F17A009A20A8 /* Info.plist */ = {isa = PBXFileReference; lastKnownFileType = text.plist.xml; path = Info.plist; sourceTree = "<group>"; };
		964B47801F14F17A009A20A8 /* JojoPizzaWatch Extension.appex */ = {isa = PBXFileReference; explicitFileType = "wrapper.app-extension"; includeInIndex = 0; path = "JojoPizzaWatch Extension.appex"; sourceTree = BUILT_PRODUCTS_DIR; };
		964B47861F14F17A009A20A8 /* PushNotificationPayload.apns */ = {isa = PBXFileReference; lastKnownFileType = text; path = PushNotificationPayload.apns; sourceTree = "<group>"; };
		964B47871F14F17A009A20A8 /* InterfaceController.swift */ = {isa = PBXFileReference; lastKnownFileType = sourcecode.swift; path = InterfaceController.swift; sourceTree = "<group>"; };
		964B47891F14F17A009A20A8 /* ExtensionDelegate.swift */ = {isa = PBXFileReference; lastKnownFileType = sourcecode.swift; path = ExtensionDelegate.swift; sourceTree = "<group>"; };
		964B478B1F14F17A009A20A8 /* NotificationController.swift */ = {isa = PBXFileReference; lastKnownFileType = sourcecode.swift; path = NotificationController.swift; sourceTree = "<group>"; };
		964B478D1F14F17A009A20A8 /* ComplicationController.swift */ = {isa = PBXFileReference; lastKnownFileType = sourcecode.swift; path = ComplicationController.swift; sourceTree = "<group>"; };
		964B478F1F14F17A009A20A8 /* Assets.xcassets */ = {isa = PBXFileReference; lastKnownFileType = folder.assetcatalog; path = Assets.xcassets; sourceTree = "<group>"; };
		964B47911F14F17A009A20A8 /* Info.plist */ = {isa = PBXFileReference; lastKnownFileType = text.plist.xml; path = Info.plist; sourceTree = "<group>"; };
		964B479D1F14FD74009A20A8 /* pizzaImage.png */ = {isa = PBXFileReference; lastKnownFileType = image.png; path = pizzaImage.png; sourceTree = "<group>"; };
		964B479F1F150222009A20A8 /* ScheduleInterfaceController.swift */ = {isa = PBXFileReference; fileEncoding = 4; lastKnownFileType = sourcecode.swift; path = ScheduleInterfaceController.swift; sourceTree = "<group>"; };
		964B47A11F150236009A20A8 /* StepsInterfaceController.swift */ = {isa = PBXFileReference; fileEncoding = 4; lastKnownFileType = sourcecode.swift; path = StepsInterfaceController.swift; sourceTree = "<group>"; };
		964B47A31F150C6C009A20A8 /* RowController.swift */ = {isa = PBXFileReference; fileEncoding = 4; lastKnownFileType = sourcecode.swift; path = RowController.swift; sourceTree = "<group>"; };
		964B47A51F1510A8009A20A8 /* DetailInterfaceController.swift */ = {isa = PBXFileReference; fileEncoding = 4; lastKnownFileType = sourcecode.swift; path = DetailInterfaceController.swift; sourceTree = "<group>"; };
		964B47A81F163956009A20A8 /* AddNoteInterfaceController.swift */ = {isa = PBXFileReference; fileEncoding = 4; lastKnownFileType = sourcecode.swift; path = AddNoteInterfaceController.swift; sourceTree = "<group>"; };
		964B47AA1F1747DF009A20A8 /* MakePizza_0.png */ = {isa = PBXFileReference; lastKnownFileType = image.png; path = MakePizza_0.png; sourceTree = "<group>"; };
		964B47AC1F1748EF009A20A8 /* MakePizza_1.png */ = {isa = PBXFileReference; lastKnownFileType = image.png; path = MakePizza_1.png; sourceTree = "<group>"; };
		964B47AD1F1748EF009A20A8 /* MakePizza_2.png */ = {isa = PBXFileReference; lastKnownFileType = image.png; path = MakePizza_2.png; sourceTree = "<group>"; };
		964B47AE1F1748EF009A20A8 /* MakePizza_3.png */ = {isa = PBXFileReference; lastKnownFileType = image.png; path = MakePizza_3.png; sourceTree = "<group>"; };
		964B47AF1F1748EF009A20A8 /* MakePizza_4.png */ = {isa = PBXFileReference; lastKnownFileType = image.png; path = MakePizza_4.png; sourceTree = "<group>"; };
		964B47B01F1748EF009A20A8 /* MakePizza_5.png */ = {isa = PBXFileReference; lastKnownFileType = image.png; path = MakePizza_5.png; sourceTree = "<group>"; };
		964B47B11F1748EF009A20A8 /* MakePizza_6.png */ = {isa = PBXFileReference; lastKnownFileType = image.png; path = MakePizza_6.png; sourceTree = "<group>"; };
		964B47B81F17721F009A20A8 /* DessertNotification.swift */ = {isa = PBXFileReference; fileEncoding = 4; lastKnownFileType = sourcecode.swift; path = DessertNotification.swift; sourceTree = "<group>"; };
		964B47BA1F1792A5009A20A8 /* DessertNotificationController.swift */ = {isa = PBXFileReference; fileEncoding = 4; lastKnownFileType = sourcecode.swift; name = DessertNotificationController.swift; path = ../JojoPizzaWatch/DessertNotificationController.swift; sourceTree = "<group>"; };
		96D568EC1F0F524D000AE306 /* Jojo.mp3 */ = {isa = PBXFileReference; lastKnownFileType = audio.mp3; path = Jojo.mp3; sourceTree = "<group>"; };
		96D568ED1F0F524D000AE306 /* JojoPizzaMovie.mp4 */ = {isa = PBXFileReference; lastKnownFileType = file; path = JojoPizzaMovie.mp4; sourceTree = "<group>"; };
		96D568F11F0F5BCD000AE306 /* MakePizza_0.gif */ = {isa = PBXFileReference; lastKnownFileType = image.gif; path = MakePizza_0.gif; sourceTree = "<group>"; };
		96D568F21F0F5BCD000AE306 /* MakePizza_0.jpg */ = {isa = PBXFileReference; lastKnownFileType = image.jpeg; path = MakePizza_0.jpg; sourceTree = "<group>"; };
		96D568F31F0F5BCD000AE306 /* MakePizza_1.jpg */ = {isa = PBXFileReference; lastKnownFileType = image.jpeg; path = MakePizza_1.jpg; sourceTree = "<group>"; };
		96D568F41F0F5BCD000AE306 /* MakePizza_2.jpg */ = {isa = PBXFileReference; lastKnownFileType = image.jpeg; path = MakePizza_2.jpg; sourceTree = "<group>"; };
		96D568F51F0F5BCD000AE306 /* MakePizza_3.jpg */ = {isa = PBXFileReference; lastKnownFileType = image.jpeg; path = MakePizza_3.jpg; sourceTree = "<group>"; };
		96D568F61F0F5BCD000AE306 /* MakePizza_4.jpg */ = {isa = PBXFileReference; lastKnownFileType = image.jpeg; path = MakePizza_4.jpg; sourceTree = "<group>"; };
		96D568F71F0F5BCD000AE306 /* MakePizza_5.jpg */ = {isa = PBXFileReference; lastKnownFileType = image.jpeg; path = MakePizza_5.jpg; sourceTree = "<group>"; };
		96D568F81F0F5BCD000AE306 /* MakePizza_6.jpg */ = {isa = PBXFileReference; lastKnownFileType = image.jpeg; path = MakePizza_6.jpg; sourceTree = "<group>"; };
/* End PBXFileReference section */

/* Begin PBXFrameworksBuildPhase section */
		9621BBD01F0CBF5800EBEB44 /* Frameworks */ = {
			isa = PBXFrameworksBuildPhase;
			buildActionMask = 2147483647;
			files = (
			);
			runOnlyForDeploymentPostprocessing = 0;
		};
		9621BBE41F0CBF5800EBEB44 /* Frameworks */ = {
			isa = PBXFrameworksBuildPhase;
			buildActionMask = 2147483647;
			files = (
			);
			runOnlyForDeploymentPostprocessing = 0;
		};
		9621BBEF1F0CBF5800EBEB44 /* Frameworks */ = {
			isa = PBXFrameworksBuildPhase;
			buildActionMask = 2147483647;
			files = (
			);
			runOnlyForDeploymentPostprocessing = 0;
		};
		964B477D1F14F17A009A20A8 /* Frameworks */ = {
			isa = PBXFrameworksBuildPhase;
			buildActionMask = 2147483647;
			files = (
			);
			runOnlyForDeploymentPostprocessing = 0;
		};
/* End PBXFrameworksBuildPhase section */

/* Begin PBXGroup section */
		9621BBCA1F0CBF5800EBEB44 = {
			isa = PBXGroup;
			children = (
				9621BBD51F0CBF5800EBEB44 /* JojoPizzaNotification */,
				9621BBEA1F0CBF5800EBEB44 /* JojoPizzaNotificationTests */,
				9621BBF51F0CBF5800EBEB44 /* JojoPizzaNotificationUITests */,
				964B47751F14F17A009A20A8 /* JojoPizzaWatch */,
				964B47841F14F17A009A20A8 /* JojoPizzaWatch Extension */,
				9621BBD41F0CBF5800EBEB44 /* Products */,
			);
			sourceTree = "<group>";
		};
		9621BBD41F0CBF5800EBEB44 /* Products */ = {
			isa = PBXGroup;
			children = (
				9621BBD31F0CBF5800EBEB44 /* JojoPizzaNotification.app */,
				9621BBE71F0CBF5800EBEB44 /* JojoPizzaNotificationTests.xctest */,
				9621BBF21F0CBF5800EBEB44 /* JojoPizzaNotificationUITests.xctest */,
				964B47741F14F17A009A20A8 /* JojoPizzaWatch.app */,
				964B47801F14F17A009A20A8 /* JojoPizzaWatch Extension.appex */,
			);
			name = Products;
			sourceTree = "<group>";
		};
		9621BBD51F0CBF5800EBEB44 /* JojoPizzaNotification */ = {
			isa = PBXGroup;
			children = (
				9621BBD61F0CBF5800EBEB44 /* AppDelegate.swift */,
				9621BBD81F0CBF5800EBEB44 /* ViewController.swift */,
				9621BBDA1F0CBF5800EBEB44 /* Main.storyboard */,
				9621BBDD1F0CBF5800EBEB44 /* Assets.xcassets */,
				96D568F01F0F52EE000AE306 /* Notification Assets */,
				9621BBDF1F0CBF5800EBEB44 /* LaunchScreen.storyboard */,
				9621BBE21F0CBF5800EBEB44 /* Info.plist */,
			);
			path = JojoPizzaNotification;
			sourceTree = "<group>";
		};
		9621BBEA1F0CBF5800EBEB44 /* JojoPizzaNotificationTests */ = {
			isa = PBXGroup;
			children = (
				9621BBEB1F0CBF5800EBEB44 /* JojoPizzaNotificationTests.swift */,
				9621BBED1F0CBF5800EBEB44 /* Info.plist */,
			);
			path = JojoPizzaNotificationTests;
			sourceTree = "<group>";
		};
		9621BBF51F0CBF5800EBEB44 /* JojoPizzaNotificationUITests */ = {
			isa = PBXGroup;
			children = (
				9621BBF61F0CBF5800EBEB44 /* JojoPizzaNotificationUITests.swift */,
				9621BBF81F0CBF5800EBEB44 /* Info.plist */,
			);
			path = JojoPizzaNotificationUITests;
			sourceTree = "<group>";
		};
		964B47751F14F17A009A20A8 /* JojoPizzaWatch */ = {
			isa = PBXGroup;
			children = (
				964B47761F14F17A009A20A8 /* Interface.storyboard */,
				964B47791F14F17A009A20A8 /* Assets.xcassets */,
				964B477B1F14F17A009A20A8 /* Info.plist */,
			);
			path = JojoPizzaWatch;
			sourceTree = "<group>";
		};
		964B47841F14F17A009A20A8 /* JojoPizzaWatch Extension */ = {
			isa = PBXGroup;
			children = (
				964B47871F14F17A009A20A8 /* InterfaceController.swift */,
				964B47A81F163956009A20A8 /* AddNoteInterfaceController.swift */,
				964B479F1F150222009A20A8 /* ScheduleInterfaceController.swift */,
				964B47A11F150236009A20A8 /* StepsInterfaceController.swift */,
				964B47A51F1510A8009A20A8 /* DetailInterfaceController.swift */,
				964B47A31F150C6C009A20A8 /* RowController.swift */,
				964B47891F14F17A009A20A8 /* ExtensionDelegate.swift */,
				964B47B81F17721F009A20A8 /* DessertNotification.swift */,
				964B47BA1F1792A5009A20A8 /* DessertNotificationController.swift */,
				964B478B1F14F17A009A20A8 /* NotificationController.swift */,
				964B478D1F14F17A009A20A8 /* ComplicationController.swift */,
				964B478F1F14F17A009A20A8 /* Assets.xcassets */,
				964B47911F14F17A009A20A8 /* Info.plist */,
				964B47851F14F17A009A20A8 /* Supporting Files */,
			);
			path = "JojoPizzaWatch Extension";
			sourceTree = "<group>";
		};
		964B47851F14F17A009A20A8 /* Supporting Files */ = {
			isa = PBXGroup;
			children = (
				964B47861F14F17A009A20A8 /* PushNotificationPayload.apns */,
			);
			name = "Supporting Files";
			sourceTree = "<group>";
		};
		96D568F01F0F52EE000AE306 /* Notification Assets */ = {
			isa = PBXGroup;
			children = (
				964B479D1F14FD74009A20A8 /* pizzaImage.png */,
				96D568ED1F0F524D000AE306 /* JojoPizzaMovie.mp4 */,
				96D568EC1F0F524D000AE306 /* Jojo.mp3 */,
				96D568F11F0F5BCD000AE306 /* MakePizza_0.gif */,
				964B47AA1F1747DF009A20A8 /* MakePizza_0.png */,
				964B47AC1F1748EF009A20A8 /* MakePizza_1.png */,
				964B47AD1F1748EF009A20A8 /* MakePizza_2.png */,
				964B47AE1F1748EF009A20A8 /* MakePizza_3.png */,
				964B47AF1F1748EF009A20A8 /* MakePizza_4.png */,
				964B47B01F1748EF009A20A8 /* MakePizza_5.png */,
				964B47B11F1748EF009A20A8 /* MakePizza_6.png */,
				96D568F21F0F5BCD000AE306 /* MakePizza_0.jpg */,
				96D568F31F0F5BCD000AE306 /* MakePizza_1.jpg */,
				96D568F41F0F5BCD000AE306 /* MakePizza_2.jpg */,
				96D568F51F0F5BCD000AE306 /* MakePizza_3.jpg */,
				96D568F61F0F5BCD000AE306 /* MakePizza_4.jpg */,
				96D568F71F0F5BCD000AE306 /* MakePizza_5.jpg */,
				96D568F81F0F5BCD000AE306 /* MakePizza_6.jpg */,
			);
			name = "Notification Assets";
			sourceTree = "<group>";
		};
/* End PBXGroup section */

/* Begin PBXNativeTarget section */
		9621BBD21F0CBF5800EBEB44 /* JojoPizzaNotification */ = {
			isa = PBXNativeTarget;
			buildConfigurationList = 9621BBFB1F0CBF5800EBEB44 /* Build configuration list for PBXNativeTarget "JojoPizzaNotification" */;
			buildPhases = (
				9621BBCF1F0CBF5800EBEB44 /* Sources */,
				9621BBD01F0CBF5800EBEB44 /* Frameworks */,
				9621BBD11F0CBF5800EBEB44 /* Resources */,
				964B479C1F14F17A009A20A8 /* Embed Watch Content */,
			);
			buildRules = (
			);
			dependencies = (
				964B47931F14F17A009A20A8 /* PBXTargetDependency */,
			);
			name = JojoPizzaNotification;
			productName = JojoPizzaNotification;
			productReference = 9621BBD31F0CBF5800EBEB44 /* JojoPizzaNotification.app */;
			productType = "com.apple.product-type.application";
		};
		9621BBE61F0CBF5800EBEB44 /* JojoPizzaNotificationTests */ = {
			isa = PBXNativeTarget;
			buildConfigurationList = 9621BBFE1F0CBF5800EBEB44 /* Build configuration list for PBXNativeTarget "JojoPizzaNotificationTests" */;
			buildPhases = (
				9621BBE31F0CBF5800EBEB44 /* Sources */,
				9621BBE41F0CBF5800EBEB44 /* Frameworks */,
				9621BBE51F0CBF5800EBEB44 /* Resources */,
			);
			buildRules = (
			);
			dependencies = (
				9621BBE91F0CBF5800EBEB44 /* PBXTargetDependency */,
			);
			name = JojoPizzaNotificationTests;
			productName = JojoPizzaNotificationTests;
			productReference = 9621BBE71F0CBF5800EBEB44 /* JojoPizzaNotificationTests.xctest */;
			productType = "com.apple.product-type.bundle.unit-test";
		};
		9621BBF11F0CBF5800EBEB44 /* JojoPizzaNotificationUITests */ = {
			isa = PBXNativeTarget;
			buildConfigurationList = 9621BC011F0CBF5800EBEB44 /* Build configuration list for PBXNativeTarget "JojoPizzaNotificationUITests" */;
			buildPhases = (
				9621BBEE1F0CBF5800EBEB44 /* Sources */,
				9621BBEF1F0CBF5800EBEB44 /* Frameworks */,
				9621BBF01F0CBF5800EBEB44 /* Resources */,
			);
			buildRules = (
			);
			dependencies = (
				9621BBF41F0CBF5800EBEB44 /* PBXTargetDependency */,
			);
			name = JojoPizzaNotificationUITests;
			productName = JojoPizzaNotificationUITests;
			productReference = 9621BBF21F0CBF5800EBEB44 /* JojoPizzaNotificationUITests.xctest */;
			productType = "com.apple.product-type.bundle.ui-testing";
		};
		964B47731F14F17A009A20A8 /* JojoPizzaWatch */ = {
			isa = PBXNativeTarget;
			buildConfigurationList = 964B479B1F14F17A009A20A8 /* Build configuration list for PBXNativeTarget "JojoPizzaWatch" */;
			buildPhases = (
				964B47721F14F17A009A20A8 /* Resources */,
				964B479A1F14F17A009A20A8 /* Embed App Extensions */,
			);
			buildRules = (
			);
			dependencies = (
				964B47831F14F17A009A20A8 /* PBXTargetDependency */,
			);
			name = JojoPizzaWatch;
			productName = JojoPizzaWatch;
			productReference = 964B47741F14F17A009A20A8 /* JojoPizzaWatch.app */;
			productType = "com.apple.product-type.application.watchapp2";
		};
		964B477F1F14F17A009A20A8 /* JojoPizzaWatch Extension */ = {
			isa = PBXNativeTarget;
			buildConfigurationList = 964B47991F14F17A009A20A8 /* Build configuration list for PBXNativeTarget "JojoPizzaWatch Extension" */;
			buildPhases = (
				964B477C1F14F17A009A20A8 /* Sources */,
				964B477D1F14F17A009A20A8 /* Frameworks */,
				964B477E1F14F17A009A20A8 /* Resources */,
			);
			buildRules = (
			);
			dependencies = (
			);
			name = "JojoPizzaWatch Extension";
			productName = "JojoPizzaWatch Extension";
			productReference = 964B47801F14F17A009A20A8 /* JojoPizzaWatch Extension.appex */;
			productType = "com.apple.product-type.watchkit2-extension";
		};
/* End PBXNativeTarget section */

/* Begin PBXProject section */
		9621BBCB1F0CBF5800EBEB44 /* Project object */ = {
			isa = PBXProject;
			attributes = {
				LastSwiftUpdateCheck = 0830;
				LastUpgradeCheck = 0830;
				ORGANIZATIONNAME = "abhay singh";
				TargetAttributes = {
					9621BBD21F0CBF5800EBEB44 = {
						CreatedOnToolsVersion = 8.3.3;
						DevelopmentTeam = V7STC4274K;
						ProvisioningStyle = Automatic;
					};
					9621BBE61F0CBF5800EBEB44 = {
						CreatedOnToolsVersion = 8.3.3;
						ProvisioningStyle = Automatic;
						TestTargetID = 9621BBD21F0CBF5800EBEB44;
					};
					9621BBF11F0CBF5800EBEB44 = {
						CreatedOnToolsVersion = 8.3.3;
						ProvisioningStyle = Automatic;
						TestTargetID = 9621BBD21F0CBF5800EBEB44;
					};
					964B47731F14F17A009A20A8 = {
						CreatedOnToolsVersion = 8.3.3;
						DevelopmentTeam = V7STC4274K;
						ProvisioningStyle = Automatic;
					};
					964B477F1F14F17A009A20A8 = {
						CreatedOnToolsVersion = 8.3.3;
						DevelopmentTeam = V7STC4274K;
						ProvisioningStyle = Automatic;
					};
				};
			};
			buildConfigurationList = 9621BBCE1F0CBF5800EBEB44 /* Build configuration list for PBXProject "JojoPizzaNotification" */;
			compatibilityVersion = "Xcode 3.2";
			developmentRegion = English;
			hasScannedForEncodings = 0;
			knownRegions = (
				en,
				Base,
			);
			mainGroup = 9621BBCA1F0CBF5800EBEB44;
			productRefGroup = 9621BBD41F0CBF5800EBEB44 /* Products */;
			projectDirPath = "";
			projectRoot = "";
			targets = (
				9621BBD21F0CBF5800EBEB44 /* JojoPizzaNotification */,
				9621BBE61F0CBF5800EBEB44 /* JojoPizzaNotificationTests */,
				9621BBF11F0CBF5800EBEB44 /* JojoPizzaNotificationUITests */,
				964B47731F14F17A009A20A8 /* JojoPizzaWatch */,
				964B477F1F14F17A009A20A8 /* JojoPizzaWatch Extension */,
			);
		};
/* End PBXProject section */

/* Begin PBXResourcesBuildPhase section */
		9621BBD11F0CBF5800EBEB44 /* Resources */ = {
			isa = PBXResourcesBuildPhase;
			buildActionMask = 2147483647;
			files = (
				96D568EE1F0F524D000AE306 /* Jojo.mp3 in Resources */,
				96D568EF1F0F524D000AE306 /* JojoPizzaMovie.mp4 in Resources */,
				96D568FB1F0F5BCD000AE306 /* MakePizza_1.jpg in Resources */,
				96D568FA1F0F5BCD000AE306 /* MakePizza_0.jpg in Resources */,
				964B47B41F1748EF009A20A8 /* MakePizza_3.png in Resources */,
				964B47AB1F1747DF009A20A8 /* MakePizza_0.png in Resources */,
				96D568FC1F0F5BCD000AE306 /* MakePizza_2.jpg in Resources */,
				96D569001F0F5BCD000AE306 /* MakePizza_6.jpg in Resources */,
				9621BBE11F0CBF5800EBEB44 /* LaunchScreen.storyboard in Resources */,
				964B47B31F1748EF009A20A8 /* MakePizza_2.png in Resources */,
				964B47B51F1748EF009A20A8 /* MakePizza_4.png in Resources */,
				96D568FD1F0F5BCD000AE306 /* MakePizza_3.jpg in Resources */,
				964B479E1F14FD74009A20A8 /* pizzaImage.png in Resources */,
				9621BBDE1F0CBF5800EBEB44 /* Assets.xcassets in Resources */,
				964B47B61F1748EF009A20A8 /* MakePizza_5.png in Resources */,
				96D568FE1F0F5BCD000AE306 /* MakePizza_4.jpg in Resources */,
				96D568F91F0F5BCD000AE306 /* MakePizza_0.gif in Resources */,
				96D568FF1F0F5BCD000AE306 /* MakePizza_5.jpg in Resources */,
				964B47B21F1748EF009A20A8 /* MakePizza_1.png in Resources */,
				964B47B71F1748EF009A20A8 /* MakePizza_6.png in Resources */,
				9621BBDC1F0CBF5800EBEB44 /* Main.storyboard in Resources */,
			);
			runOnlyForDeploymentPostprocessing = 0;
		};
		9621BBE51F0CBF5800EBEB44 /* Resources */ = {
			isa = PBXResourcesBuildPhase;
			buildActionMask = 2147483647;
			files = (
			);
			runOnlyForDeploymentPostprocessing = 0;
		};
		9621BBF01F0CBF5800EBEB44 /* Resources */ = {
			isa = PBXResourcesBuildPhase;
			buildActionMask = 2147483647;
			files = (
			);
			runOnlyForDeploymentPostprocessing = 0;
		};
		964B47721F14F17A009A20A8 /* Resources */ = {
			isa = PBXResourcesBuildPhase;
			buildActionMask = 2147483647;
			files = (
				964B477A1F14F17A009A20A8 /* Assets.xcassets in Resources */,
				964B47781F14F17A009A20A8 /* Interface.storyboard in Resources */,
			);
			runOnlyForDeploymentPostprocessing = 0;
		};
		964B477E1F14F17A009A20A8 /* Resources */ = {
			isa = PBXResourcesBuildPhase;
			buildActionMask = 2147483647;
			files = (
				964B47901F14F17A009A20A8 /* Assets.xcassets in Resources */,
			);
			runOnlyForDeploymentPostprocessing = 0;
		};
/* End PBXResourcesBuildPhase section */

/* Begin PBXSourcesBuildPhase section */
		9621BBCF1F0CBF5800EBEB44 /* Sources */ = {
			isa = PBXSourcesBuildPhase;
			buildActionMask = 2147483647;
			files = (
				9621BBD91F0CBF5800EBEB44 /* ViewController.swift in Sources */,
				9621BBD71F0CBF5800EBEB44 /* AppDelegate.swift in Sources */,
			);
			runOnlyForDeploymentPostprocessing = 0;
		};
		9621BBE31F0CBF5800EBEB44 /* Sources */ = {
			isa = PBXSourcesBuildPhase;
			buildActionMask = 2147483647;
			files = (
				9621BBEC1F0CBF5800EBEB44 /* JojoPizzaNotificationTests.swift in Sources */,
			);
			runOnlyForDeploymentPostprocessing = 0;
		};
		9621BBEE1F0CBF5800EBEB44 /* Sources */ = {
			isa = PBXSourcesBuildPhase;
			buildActionMask = 2147483647;
			files = (
				9621BBF71F0CBF5800EBEB44 /* JojoPizzaNotificationUITests.swift in Sources */,
			);
			runOnlyForDeploymentPostprocessing = 0;
		};
		964B477C1F14F17A009A20A8 /* Sources */ = {
			isa = PBXSourcesBuildPhase;
			buildActionMask = 2147483647;
			files = (
				964B478C1F14F17A009A20A8 /* NotificationController.swift in Sources */,
				964B47BB1F1792A5009A20A8 /* DessertNotificationController.swift in Sources */,
				964B478E1F14F17A009A20A8 /* ComplicationController.swift in Sources */,
				964B47A91F163956009A20A8 /* AddNoteInterfaceController.swift in Sources */,
				964B47A61F1510A8009A20A8 /* DetailInterfaceController.swift in Sources */,
				964B47A01F150222009A20A8 /* ScheduleInterfaceController.swift in Sources */,
				964B478A1F14F17A009A20A8 /* ExtensionDelegate.swift in Sources */,
				964B47881F14F17A009A20A8 /* InterfaceController.swift in Sources */,
				964B47A41F150C6C009A20A8 /* RowController.swift in Sources */,
				964B47A21F150236009A20A8 /* StepsInterfaceController.swift in Sources */,
				964B47B91F17721F009A20A8 /* DessertNotification.swift in Sources */,
			);
			runOnlyForDeploymentPostprocessing = 0;
		};
/* End PBXSourcesBuildPhase section */

/* Begin PBXTargetDependency section */
		9621BBE91F0CBF5800EBEB44 /* PBXTargetDependency */ = {
			isa = PBXTargetDependency;
			target = 9621BBD21F0CBF5800EBEB44 /* JojoPizzaNotification */;
			targetProxy = 9621BBE81F0CBF5800EBEB44 /* PBXContainerItemProxy */;
		};
		9621BBF41F0CBF5800EBEB44 /* PBXTargetDependency */ = {
			isa = PBXTargetDependency;
			target = 9621BBD21F0CBF5800EBEB44 /* JojoPizzaNotification */;
			targetProxy = 9621BBF31F0CBF5800EBEB44 /* PBXContainerItemProxy */;
		};
		964B47831F14F17A009A20A8 /* PBXTargetDependency */ = {
			isa = PBXTargetDependency;
			target = 964B477F1F14F17A009A20A8 /* JojoPizzaWatch Extension */;
			targetProxy = 964B47821F14F17A009A20A8 /* PBXContainerItemProxy */;
		};
		964B47931F14F17A009A20A8 /* PBXTargetDependency */ = {
			isa = PBXTargetDependency;
			target = 964B47731F14F17A009A20A8 /* JojoPizzaWatch */;
			targetProxy = 964B47921F14F17A009A20A8 /* PBXContainerItemProxy */;
		};
/* End PBXTargetDependency section */

/* Begin PBXVariantGroup section */
		9621BBDA1F0CBF5800EBEB44 /* Main.storyboard */ = {
			isa = PBXVariantGroup;
			children = (
				9621BBDB1F0CBF5800EBEB44 /* Base */,
			);
			name = Main.storyboard;
			sourceTree = "<group>";
		};
		9621BBDF1F0CBF5800EBEB44 /* LaunchScreen.storyboard */ = {
			isa = PBXVariantGroup;
			children = (
				9621BBE01F0CBF5800EBEB44 /* Base */,
			);
			name = LaunchScreen.storyboard;
			sourceTree = "<group>";
		};
		964B47761F14F17A009A20A8 /* Interface.storyboard */ = {
			isa = PBXVariantGroup;
			children = (
				964B47771F14F17A009A20A8 /* Base */,
			);
			name = Interface.storyboard;
			sourceTree = "<group>";
		};
/* End PBXVariantGroup section */

/* Begin XCBuildConfiguration section */
		9621BBF91F0CBF5800EBEB44 /* Debug */ = {
			isa = XCBuildConfiguration;
			buildSettings = {
				ALWAYS_SEARCH_USER_PATHS = NO;
				CLANG_ANALYZER_NONNULL = YES;
				CLANG_ANALYZER_NUMBER_OBJECT_CONVERSION = YES_AGGRESSIVE;
				CLANG_CXX_LANGUAGE_STANDARD = "gnu++0x";
				CLANG_CXX_LIBRARY = "libc++";
				CLANG_ENABLE_MODULES = YES;
				CLANG_ENABLE_OBJC_ARC = YES;
				CLANG_WARN_BOOL_CONVERSION = YES;
				CLANG_WARN_CONSTANT_CONVERSION = YES;
				CLANG_WARN_DIRECT_OBJC_ISA_USAGE = YES_ERROR;
				CLANG_WARN_DOCUMENTATION_COMMENTS = YES;
				CLANG_WARN_EMPTY_BODY = YES;
				CLANG_WARN_ENUM_CONVERSION = YES;
				CLANG_WARN_INFINITE_RECURSION = YES;
				CLANG_WARN_INT_CONVERSION = YES;
				CLANG_WARN_OBJC_ROOT_CLASS = YES_ERROR;
				CLANG_WARN_SUSPICIOUS_MOVE = YES;
				CLANG_WARN_UNREACHABLE_CODE = YES;
				CLANG_WARN__DUPLICATE_METHOD_MATCH = YES;
				"CODE_SIGN_IDENTITY[sdk=iphoneos*]" = "iPhone Developer";
				COPY_PHASE_STRIP = NO;
				DEBUG_INFORMATION_FORMAT = dwarf;
				ENABLE_STRICT_OBJC_MSGSEND = YES;
				ENABLE_TESTABILITY = YES;
				GCC_C_LANGUAGE_STANDARD = gnu99;
				GCC_DYNAMIC_NO_PIC = NO;
				GCC_NO_COMMON_BLOCKS = YES;
				GCC_OPTIMIZATION_LEVEL = 0;
				GCC_PREPROCESSOR_DEFINITIONS = (
					"DEBUG=1",
					"$(inherited)",
				);
				GCC_WARN_64_TO_32_BIT_CONVERSION = YES;
				GCC_WARN_ABOUT_RETURN_TYPE = YES_ERROR;
				GCC_WARN_UNDECLARED_SELECTOR = YES;
				GCC_WARN_UNINITIALIZED_AUTOS = YES_AGGRESSIVE;
				GCC_WARN_UNUSED_FUNCTION = YES;
				GCC_WARN_UNUSED_VARIABLE = YES;
				IPHONEOS_DEPLOYMENT_TARGET = 10.3;
				MTL_ENABLE_DEBUG_INFO = YES;
				ONLY_ACTIVE_ARCH = YES;
				SDKROOT = iphoneos;
				SWIFT_ACTIVE_COMPILATION_CONDITIONS = DEBUG;
				SWIFT_OPTIMIZATION_LEVEL = "-Onone";
				TARGETED_DEVICE_FAMILY = "1,2";
			};
			name = Debug;
		};
		9621BBFA1F0CBF5800EBEB44 /* Release */ = {
			isa = XCBuildConfiguration;
			buildSettings = {
				ALWAYS_SEARCH_USER_PATHS = NO;
				CLANG_ANALYZER_NONNULL = YES;
				CLANG_ANALYZER_NUMBER_OBJECT_CONVERSION = YES_AGGRESSIVE;
				CLANG_CXX_LANGUAGE_STANDARD = "gnu++0x";
				CLANG_CXX_LIBRARY = "libc++";
				CLANG_ENABLE_MODULES = YES;
				CLANG_ENABLE_OBJC_ARC = YES;
				CLANG_WARN_BOOL_CONVERSION = YES;
				CLANG_WARN_CONSTANT_CONVERSION = YES;
				CLANG_WARN_DIRECT_OBJC_ISA_USAGE = YES_ERROR;
				CLANG_WARN_DOCUMENTATION_COMMENTS = YES;
				CLANG_WARN_EMPTY_BODY = YES;
				CLANG_WARN_ENUM_CONVERSION = YES;
				CLANG_WARN_INFINITE_RECURSION = YES;
				CLANG_WARN_INT_CONVERSION = YES;
				CLANG_WARN_OBJC_ROOT_CLASS = YES_ERROR;
				CLANG_WARN_SUSPICIOUS_MOVE = YES;
				CLANG_WARN_UNREACHABLE_CODE = YES;
				CLANG_WARN__DUPLICATE_METHOD_MATCH = YES;
				"CODE_SIGN_IDENTITY[sdk=iphoneos*]" = "iPhone Developer";
				COPY_PHASE_STRIP = NO;
				DEBUG_INFORMATION_FORMAT = "dwarf-with-dsym";
				ENABLE_NS_ASSERTIONS = NO;
				ENABLE_STRICT_OBJC_MSGSEND = YES;
				GCC_C_LANGUAGE_STANDARD = gnu99;
				GCC_NO_COMMON_BLOCKS = YES;
				GCC_WARN_64_TO_32_BIT_CONVERSION = YES;
				GCC_WARN_ABOUT_RETURN_TYPE = YES_ERROR;
				GCC_WARN_UNDECLARED_SELECTOR = YES;
				GCC_WARN_UNINITIALIZED_AUTOS = YES_AGGRESSIVE;
				GCC_WARN_UNUSED_FUNCTION = YES;
				GCC_WARN_UNUSED_VARIABLE = YES;
				IPHONEOS_DEPLOYMENT_TARGET = 10.3;
				MTL_ENABLE_DEBUG_INFO = NO;
				SDKROOT = iphoneos;
				SWIFT_OPTIMIZATION_LEVEL = "-Owholemodule";
				TARGETED_DEVICE_FAMILY = "1,2";
				VALIDATE_PRODUCT = YES;
			};
			name = Release;
		};
		9621BBFC1F0CBF5800EBEB44 /* Debug */ = {
			isa = XCBuildConfiguration;
			buildSettings = {
				ASSETCATALOG_COMPILER_APPICON_NAME = AppIcon;
				DEVELOPMENT_TEAM = V7STC4274K;
				INFOPLIST_FILE = JojoPizzaNotification/Info.plist;
				LD_RUNPATH_SEARCH_PATHS = "$(inherited) @executable_path/Frameworks";
				PRODUCT_BUNDLE_IDENTIFIER = com.abhay.JojoPizzaNotification;
				PRODUCT_NAME = "$(TARGET_NAME)";
				SWIFT_VERSION = 3.0;
			};
			name = Debug;
		};
		9621BBFD1F0CBF5800EBEB44 /* Release */ = {
			isa = XCBuildConfiguration;
			buildSettings = {
				ASSETCATALOG_COMPILER_APPICON_NAME = AppIcon;
				DEVELOPMENT_TEAM = V7STC4274K;
				INFOPLIST_FILE = JojoPizzaNotification/Info.plist;
				LD_RUNPATH_SEARCH_PATHS = "$(inherited) @executable_path/Frameworks";
				PRODUCT_BUNDLE_IDENTIFIER = com.abhay.JojoPizzaNotification;
				PRODUCT_NAME = "$(TARGET_NAME)";
				SWIFT_VERSION = 3.0;
			};
			name = Release;
		};
		9621BBFF1F0CBF5800EBEB44 /* Debug */ = {
			isa = XCBuildConfiguration;
			buildSettings = {
				ALWAYS_EMBED_SWIFT_STANDARD_LIBRARIES = YES;
				BUNDLE_LOADER = "$(TEST_HOST)";
				INFOPLIST_FILE = JojoPizzaNotificationTests/Info.plist;
				LD_RUNPATH_SEARCH_PATHS = "$(inherited) @executable_path/Frameworks @loader_path/Frameworks";
				PRODUCT_BUNDLE_IDENTIFIER = com.abhay.JojoPizzaNotificationTests;
				PRODUCT_NAME = "$(TARGET_NAME)";
				SWIFT_VERSION = 3.0;
				TEST_HOST = "$(BUILT_PRODUCTS_DIR)/JojoPizzaNotification.app/JojoPizzaNotification";
			};
			name = Debug;
		};
		9621BC001F0CBF5800EBEB44 /* Release */ = {
			isa = XCBuildConfiguration;
			buildSettings = {
				ALWAYS_EMBED_SWIFT_STANDARD_LIBRARIES = YES;
				BUNDLE_LOADER = "$(TEST_HOST)";
				INFOPLIST_FILE = JojoPizzaNotificationTests/Info.plist;
				LD_RUNPATH_SEARCH_PATHS = "$(inherited) @executable_path/Frameworks @loader_path/Frameworks";
				PRODUCT_BUNDLE_IDENTIFIER = com.abhay.JojoPizzaNotificationTests;
				PRODUCT_NAME = "$(TARGET_NAME)";
				SWIFT_VERSION = 3.0;
				TEST_HOST = "$(BUILT_PRODUCTS_DIR)/JojoPizzaNotification.app/JojoPizzaNotification";
			};
			name = Release;
		};
		9621BC021F0CBF5800EBEB44 /* Debug */ = {
			isa = XCBuildConfiguration;
			buildSettings = {
				ALWAYS_EMBED_SWIFT_STANDARD_LIBRARIES = YES;
				INFOPLIST_FILE = JojoPizzaNotificationUITests/Info.plist;
				LD_RUNPATH_SEARCH_PATHS = "$(inherited) @executable_path/Frameworks @loader_path/Frameworks";
				PRODUCT_BUNDLE_IDENTIFIER = com.abhay.JojoPizzaNotificationUITests;
				PRODUCT_NAME = "$(TARGET_NAME)";
				SWIFT_VERSION = 3.0;
				TEST_TARGET_NAME = JojoPizzaNotification;
			};
			name = Debug;
		};
		9621BC031F0CBF5800EBEB44 /* Release */ = {
			isa = XCBuildConfiguration;
			buildSettings = {
				ALWAYS_EMBED_SWIFT_STANDARD_LIBRARIES = YES;
				INFOPLIST_FILE = JojoPizzaNotificationUITests/Info.plist;
				LD_RUNPATH_SEARCH_PATHS = "$(inherited) @executable_path/Frameworks @loader_path/Frameworks";
				PRODUCT_BUNDLE_IDENTIFIER = com.abhay.JojoPizzaNotificationUITests;
				PRODUCT_NAME = "$(TARGET_NAME)";
				SWIFT_VERSION = 3.0;
				TEST_TARGET_NAME = JojoPizzaNotification;
			};
			name = Release;
		};
		964B47951F14F17A009A20A8 /* Debug */ = {
			isa = XCBuildConfiguration;
			buildSettings = {
				ALWAYS_EMBED_SWIFT_STANDARD_LIBRARIES = YES;
				ASSETCATALOG_COMPILER_APPICON_NAME = AppIcon;
				DEVELOPMENT_TEAM = V7STC4274K;
				IBSC_MODULE = JojoPizzaWatch_Extension;
				INFOPLIST_FILE = JojoPizzaWatch/Info.plist;
				PRODUCT_BUNDLE_IDENTIFIER = com.abhay.JojoPizzaNotification.watchkitapp;
				PRODUCT_NAME = "$(TARGET_NAME)";
				SDKROOT = watchos;
				SKIP_INSTALL = YES;
				SWIFT_VERSION = 3.0;
				TARGETED_DEVICE_FAMILY = 4;
				WATCHOS_DEPLOYMENT_TARGET = 3.2;
			};
			name = Debug;
		};
		964B47961F14F17A009A20A8 /* Release */ = {
			isa = XCBuildConfiguration;
			buildSettings = {
				ALWAYS_EMBED_SWIFT_STANDARD_LIBRARIES = YES;
				ASSETCATALOG_COMPILER_APPICON_NAME = AppIcon;
				DEVELOPMENT_TEAM = V7STC4274K;
				IBSC_MODULE = JojoPizzaWatch_Extension;
				INFOPLIST_FILE = JojoPizzaWatch/Info.plist;
				PRODUCT_BUNDLE_IDENTIFIER = com.abhay.JojoPizzaNotification.watchkitapp;
				PRODUCT_NAME = "$(TARGET_NAME)";
				SDKROOT = watchos;
				SKIP_INSTALL = YES;
				SWIFT_VERSION = 3.0;
				TARGETED_DEVICE_FAMILY = 4;
				WATCHOS_DEPLOYMENT_TARGET = 3.2;
			};
			name = Release;
		};
		964B47971F14F17A009A20A8 /* Debug */ = {
			isa = XCBuildConfiguration;
			buildSettings = {
				ASSETCATALOG_COMPILER_COMPLICATION_NAME = Complication;
				DEVELOPMENT_TEAM = V7STC4274K;
				INFOPLIST_FILE = "JojoPizzaWatch Extension/Info.plist";
				LD_RUNPATH_SEARCH_PATHS = "$(inherited) @executable_path/Frameworks @executable_path/../../Frameworks";
				PRODUCT_BUNDLE_IDENTIFIER = com.abhay.JojoPizzaNotification.watchkitapp.watchkitextension;
				PRODUCT_NAME = "${TARGET_NAME}";
				SDKROOT = watchos;
				SKIP_INSTALL = YES;
				SWIFT_VERSION = 3.0;
				TARGETED_DEVICE_FAMILY = 4;
				WATCHOS_DEPLOYMENT_TARGET = 3.2;
			};
			name = Debug;
		};
		964B47981F14F17A009A20A8 /* Release */ = {
			isa = XCBuildConfiguration;
			buildSettings = {
				ASSETCATALOG_COMPILER_COMPLICATION_NAME = Complication;
				DEVELOPMENT_TEAM = V7STC4274K;
				INFOPLIST_FILE = "JojoPizzaWatch Extension/Info.plist";
				LD_RUNPATH_SEARCH_PATHS = "$(inherited) @executable_path/Frameworks @executable_path/../../Frameworks";
				PRODUCT_BUNDLE_IDENTIFIER = com.abhay.JojoPizzaNotification.watchkitapp.watchkitextension;
				PRODUCT_NAME = "${TARGET_NAME}";
				SDKROOT = watchos;
				SKIP_INSTALL = YES;
				SWIFT_VERSION = 3.0;
				TARGETED_DEVICE_FAMILY = 4;
				WATCHOS_DEPLOYMENT_TARGET = 3.2;
			};
			name = Release;
		};
/* End XCBuildConfiguration section */

/* Begin XCConfigurationList section */
		9621BBCE1F0CBF5800EBEB44 /* Build configuration list for PBXProject "JojoPizzaNotification" */ = {
			isa = XCConfigurationList;
			buildConfigurations = (
				9621BBF91F0CBF5800EBEB44 /* Debug */,
				9621BBFA1F0CBF5800EBEB44 /* Release */,
			);
			defaultConfigurationIsVisible = 0;
			defaultConfigurationName = Release;
		};
		9621BBFB1F0CBF5800EBEB44 /* Build configuration list for PBXNativeTarget "JojoPizzaNotification" */ = {
			isa = XCConfigurationList;
			buildConfigurations = (
				9621BBFC1F0CBF5800EBEB44 /* Debug */,
				9621BBFD1F0CBF5800EBEB44 /* Release */,
			);
			defaultConfigurationIsVisible = 0;
			defaultConfigurationName = Release;
		};
		9621BBFE1F0CBF5800EBEB44 /* Build configuration list for PBXNativeTarget "JojoPizzaNotificationTests" */ = {
			isa = XCConfigurationList;
			buildConfigurations = (
				9621BBFF1F0CBF5800EBEB44 /* Debug */,
				9621BC001F0CBF5800EBEB44 /* Release */,
			);
			defaultConfigurationIsVisible = 0;
			defaultConfigurationName = Release;
		};
		9621BC011F0CBF5800EBEB44 /* Build configuration list for PBXNativeTarget "JojoPizzaNotificationUITests" */ = {
			isa = XCConfigurationList;
			buildConfigurations = (
				9621BC021F0CBF5800EBEB44 /* Debug */,
				9621BC031F0CBF5800EBEB44 /* Release */,
			);
			defaultConfigurationIsVisible = 0;
			defaultConfigurationName = Release;
		};
		964B47991F14F17A009A20A8 /* Build configuration list for PBXNativeTarget "JojoPizzaWatch Extension" */ = {
			isa = XCConfigurationList;
			buildConfigurations = (
				964B47971F14F17A009A20A8 /* Debug */,
				964B47981F14F17A009A20A8 /* Release */,
			);
			defaultConfigurationIsVisible = 0;
		};
		964B479B1F14F17A009A20A8 /* Build configuration list for PBXNativeTarget "JojoPizzaWatch" */ = {
			isa = XCConfigurationList;
			buildConfigurations = (
				964B47951F14F17A009A20A8 /* Debug */,
				964B47961F14F17A009A20A8 /* Release */,
			);
			defaultConfigurationIsVisible = 0;
		};
/* End XCConfigurationList section */
	};
	rootObject = 9621BBCB1F0CBF5800EBEB44 /* Project object */;
}
