// !$*UTF8*$!
{
	archiveVersion = 1;
	classes = {
	};
	objectVersion = 46;
	objects = {

/* Begin PBXBuildFile section */
		9621BBD71F0CBF5800EBEB44 /* AppDelegate.swift in Sources */ = {isa = PBXBuildFile; fileRef = 9621BBD61F0CBF5800EBEB44 /* AppDelegate.swift */; };
		9621BBD91F0CBF5800EBEB44 /* ViewController.swift in Sources */ = {isa = PBXBuildFile; fileRef = 9621BBD81F0CBF5800EBEB44 /* ViewController.swift */; };
		9621BBDC1F0CBF5800EBEB44 /* Main.storyboard in Resources */ = {isa = PBXBuildFile; fileRef = 9621BBDA1F0CBF5800EBEB44 /* Main.storyboard */; };
		9621BBDE1F0CBF5800EBEB44 /* Assets.xcassets in Resources */ = {isa = PBXBuildFile; fileRef = 9621BBDD1F0CBF5800EBEB44 /* Assets.xcassets */; };
		9621BBE11F0CBF5800EBEB44 /* LaunchScreen.storyboard in Resources */ = {isa = PBXBuildFile; fileRef = 9621BBDF1F0CBF5800EBEB44 /* LaunchScreen.storyboard */; };
		9621BBEC1F0CBF5800EBEB44 /* JojoPizzaNotificationTests.swift in Sources */ = {isa = PBXBuildFile; fileRef = 9621BBEB1F0CBF5800EBEB44 /* JojoPizzaNotificationTests.swift */; };
		9621BBF71F0CBF5800EBEB44 /* JojoPizzaNotificationUITests.swift in Sources */ = {isa = PBXBuildFile; fileRef = 9621BBF61F0CBF5800EBEB44 /* JojoPizzaNotificationUITests.swift */; };
/* End PBXBuildFile section */

/* Begin PBXContainerItemProxy section */
		9621BBE81F0CBF5800EBEB44 /* PBXContainerItemProxy */ = {
			isa = PBXContainerItemProxy;
			containerPortal = 9621BBCB1F0CBF5800EBEB44 /* Project object */;
			proxyType = 1;
			remoteGlobalIDString = 9621BBD21F0CBF5800EBEB44;
			remoteInfo = JojoPizzaNotification;
		};
		9621BBF31F0CBF5800EBEB44 /* PBXContainerItemProxy */ = {
			isa = PBXContainerItemProxy;
			containerPortal = 9621BBCB1F0CBF5800EBEB44 /* Project object */;
			proxyType = 1;
			remoteGlobalIDString = 9621BBD21F0CBF5800EBEB44;
			remoteInfo = JojoPizzaNotification;
		};
/* End PBXContainerItemProxy section */

/* Begin PBXFileReference section */
		9621BBD31F0CBF5800EBEB44 /* JojoPizzaNotification.app */ = {isa = PBXFileReference; explicitFileType = wrapper.application; includeInIndex = 0; path = JojoPizzaNotification.app; sourceTree = BUILT_PRODUCTS_DIR; };
		9621BBD61F0CBF5800EBEB44 /* AppDelegate.swift */ = {isa = PBXFileReference; lastKnownFileType = sourcecode.swift; path = AppDelegate.swift; sourceTree = "<group>"; };
		9621BBD81F0CBF5800EBEB44 /* ViewController.swift */ = {isa = PBXFileReference; lastKnownFileType = sourcecode.swift; path = ViewController.swift; sourceTree = "<group>"; };
		9621BBDB1F0CBF5800EBEB44 /* Base */ = {isa = PBXFileReference; lastKnownFileType = file.storyboard; name = Base; path = Base.lproj/Main.storyboard; sourceTree = "<group>"; };
		9621BBDD1F0CBF5800EBEB44 /* Assets.xcassets */ = {isa = PBXFileReference; lastKnownFileType = folder.assetcatalog; path = Assets.xcassets; sourceTree = "<group>"; };
		9621BBE01F0CBF5800EBEB44 /* Base */ = {isa = PBXFileReference; lastKnownFileType = file.storyboard; name = Base; path = Base.lproj/LaunchScreen.storyboard; sourceTree = "<group>"; };
		9621BBE21F0CBF5800EBEB44 /* Info.plist */ = {isa = PBXFileReference; lastKnownFileType = text.plist.xml; path = Info.plist; sourceTree = "<group>"; };
		9621BBE71F0CBF5800EBEB44 /* JojoPizzaNotificationTests.xctest */ = {isa = PBXFileReference; explicitFileType = wrapper.cfbundle; includeInIndex = 0; path = JojoPizzaNotificationTests.xctest; sourceTree = BUILT_PRODUCTS_DIR; };
		9621BBEB1F0CBF5800EBEB44 /* JojoPizzaNotificationTests.swift */ = {isa = PBXFileReference; lastKnownFileType = sourcecode.swift; path = JojoPizzaNotificationTests.swift; sourceTree = "<group>"; };
		9621BBED1F0CBF5800EBEB44 /* Info.plist */ = {isa = PBXFileReference; lastKnownFileType = text.plist.xml; path = Info.plist; sourceTree = "<group>"; };
		9621BBF21F0CBF5800EBEB44 /* JojoPizzaNotificationUITests.xctest */ = {isa = PBXFileReference; explicitFileType = wrapper.cfbundle; includeInIndex = 0; path = JojoPizzaNotificationUITests.xctest; sourceTree = BUILT_PRODUCTS_DIR; };
		9621BBF61F0CBF5800EBEB44 /* JojoPizzaNotificationUITests.swift */ = {isa = PBXFileReference; lastKnownFileType = sourcecode.swift; path = JojoPizzaNotificationUITests.swift; sourceTree = "<group>"; };
		9621BBF81F0CBF5800EBEB44 /* Info.plist */ = {isa = PBXFileReference; lastKnownFileType = text.plist.xml; path = Info.plist; sourceTree = "<group>"; };
/* End PBXFileReference section */

/* Begin PBXFrameworksBuildPhase section */
		9621BBD01F0CBF5800EBEB44 /* Frameworks */ = {
			isa = PBXFrameworksBuildPhase;
			buildActionMask = 2147483647;
			files = (
			);
			runOnlyForDeploymentPostprocessing = 0;
		};
		9621BBE41F0CBF5800EBEB44 /* Frameworks */ = {
			isa = PBXFrameworksBuildPhase;
			buildActionMask = 2147483647;
			files = (
			);
			runOnlyForDeploymentPostprocessing = 0;
		};
		9621BBEF1F0CBF5800EBEB44 /* Frameworks */ = {
			isa = PBXFrameworksBuildPhase;
			buildActionMask = 2147483647;
			files = (
			);
			runOnlyForDeploymentPostprocessing = 0;
		};
/* End PBXFrameworksBuildPhase section */

/* Begin PBXGroup section */
		9621BBCA1F0CBF5800EBEB44 = {
			isa = PBXGroup;
			children = (
				9621BBD51F0CBF5800EBEB44 /* JojoPizzaNotification */,
				9621BBEA1F0CBF5800EBEB44 /* JojoPizzaNotificationTests */,
				9621BBF51F0CBF5800EBEB44 /* JojoPizzaNotificationUITests */,
				9621BBD41F0CBF5800EBEB44 /* Products */,
			);
			sourceTree = "<group>";
		};
		9621BBD41F0CBF5800EBEB44 /* Products */ = {
			isa = PBXGroup;
			children = (
				9621BBD31F0CBF5800EBEB44 /* JojoPizzaNotification.app */,
				9621BBE71F0CBF5800EBEB44 /* JojoPizzaNotificationTests.xctest */,
				9621BBF21F0CBF5800EBEB44 /* JojoPizzaNotificationUITests.xctest */,
			);
			name = Products;
			sourceTree = "<group>";
		};
		9621BBD51F0CBF5800EBEB44 /* JojoPizzaNotification */ = {
			isa = PBXGroup;
			children = (
				9621BBD61F0CBF5800EBEB44 /* AppDelegate.swift */,
				9621BBD81F0CBF5800EBEB44 /* ViewController.swift */,
				9621BBDA1F0CBF5800EBEB44 /* Main.storyboard */,
				9621BBDD1F0CBF5800EBEB44 /* Assets.xcassets */,
				9621BBDF1F0CBF5800EBEB44 /* LaunchScreen.storyboard */,
				9621BBE21F0CBF5800EBEB44 /* Info.plist */,
			);
			path = JojoPizzaNotification;
			sourceTree = "<group>";
		};
		9621BBEA1F0CBF5800EBEB44 /* JojoPizzaNotificationTests */ = {
			isa = PBXGroup;
			children = (
				9621BBEB1F0CBF5800EBEB44 /* JojoPizzaNotificationTests.swift */,
				9621BBED1F0CBF5800EBEB44 /* Info.plist */,
			);
			path = JojoPizzaNotificationTests;
			sourceTree = "<group>";
		};
		9621BBF51F0CBF5800EBEB44 /* JojoPizzaNotificationUITests */ = {
			isa = PBXGroup;
			children = (
				9621BBF61F0CBF5800EBEB44 /* JojoPizzaNotificationUITests.swift */,
				9621BBF81F0CBF5800EBEB44 /* Info.plist */,
			);
			path = JojoPizzaNotificationUITests;
			sourceTree = "<group>";
		};
/* End PBXGroup section */

/* Begin PBXNativeTarget section */
		9621BBD21F0CBF5800EBEB44 /* JojoPizzaNotification */ = {
			isa = PBXNativeTarget;
			buildConfigurationList = 9621BBFB1F0CBF5800EBEB44 /* Build configuration list for PBXNativeTarget "JojoPizzaNotification" */;
			buildPhases = (
				9621BBCF1F0CBF5800EBEB44 /* Sources */,
				9621BBD01F0CBF5800EBEB44 /* Frameworks */,
				9621BBD11F0CBF5800EBEB44 /* Resources */,
			);
			buildRules = (
			);
			dependencies = (
			);
			name = JojoPizzaNotification;
			productName = JojoPizzaNotification;
			productReference = 9621BBD31F0CBF5800EBEB44 /* JojoPizzaNotification.app */;
			productType = "com.apple.product-type.application";
		};
		9621BBE61F0CBF5800EBEB44 /* JojoPizzaNotificationTests */ = {
			isa = PBXNativeTarget;
			buildConfigurationList = 9621BBFE1F0CBF5800EBEB44 /* Build configuration list for PBXNativeTarget "JojoPizzaNotificationTests" */;
			buildPhases = (
				9621BBE31F0CBF5800EBEB44 /* Sources */,
				9621BBE41F0CBF5800EBEB44 /* Frameworks */,
				9621BBE51F0CBF5800EBEB44 /* Resources */,
			);
			buildRules = (
			);
			dependencies = (
				9621BBE91F0CBF5800EBEB44 /* PBXTargetDependency */,
			);
			name = JojoPizzaNotificationTests;
			productName = JojoPizzaNotificationTests;
			productReference = 9621BBE71F0CBF5800EBEB44 /* JojoPizzaNotificationTests.xctest */;
			productType = "com.apple.product-type.bundle.unit-test";
		};
		9621BBF11F0CBF5800EBEB44 /* JojoPizzaNotificationUITests */ = {
			isa = PBXNativeTarget;
			buildConfigurationList = 9621BC011F0CBF5800EBEB44 /* Build configuration list for PBXNativeTarget "JojoPizzaNotificationUITests" */;
			buildPhases = (
				9621BBEE1F0CBF5800EBEB44 /* Sources */,
				9621BBEF1F0CBF5800EBEB44 /* Frameworks */,
				9621BBF01F0CBF5800EBEB44 /* Resources */,
			);
			buildRules = (
			);
			dependencies = (
				9621BBF41F0CBF5800EBEB44 /* PBXTargetDependency */,
			);
			name = JojoPizzaNotificationUITests;
			productName = JojoPizzaNotificationUITests;
			productReference = 9621BBF21F0CBF5800EBEB44 /* JojoPizzaNotificationUITests.xctest */;
			productType = "com.apple.product-type.bundle.ui-testing";
		};
/* End PBXNativeTarget section */

/* Begin PBXProject section */
		9621BBCB1F0CBF5800EBEB44 /* Project object */ = {
			isa = PBXProject;
			attributes = {
				LastSwiftUpdateCheck = 0830;
				LastUpgradeCheck = 0830;
				ORGANIZATIONNAME = "abhay singh";
				TargetAttributes = {
					9621BBD21F0CBF5800EBEB44 = {
						CreatedOnToolsVersion = 8.3.3;
						ProvisioningStyle = Automatic;
					};
					9621BBE61F0CBF5800EBEB44 = {
						CreatedOnToolsVersion = 8.3.3;
						ProvisioningStyle = Automatic;
						TestTargetID = 9621BBD21F0CBF5800EBEB44;
					};
					9621BBF11F0CBF5800EBEB44 = {
						CreatedOnToolsVersion = 8.3.3;
						ProvisioningStyle = Automatic;
						TestTargetID = 9621BBD21F0CBF5800EBEB44;
					};
				};
			};
			buildConfigurationList = 9621BBCE1F0CBF5800EBEB44 /* Build configuration list for PBXProject "JojoPizzaNotification" */;
			compatibilityVersion = "Xcode 3.2";
			developmentRegion = English;
			hasScannedForEncodings = 0;
			knownRegions = (
				en,
				Base,
			);
			mainGroup = 9621BBCA1F0CBF5800EBEB44;
			productRefGroup = 9621BBD41F0CBF5800EBEB44 /* Products */;
			projectDirPath = "";
			projectRoot = "";
			targets = (
				9621BBD21F0CBF5800EBEB44 /* JojoPizzaNotification */,
				9621BBE61F0CBF5800EBEB44 /* JojoPizzaNotificationTests */,
				9621BBF11F0CBF5800EBEB44 /* JojoPizzaNotificationUITests */,
			);
		};
/* End PBXProject section */

/* Begin PBXResourcesBuildPhase section */
		9621BBD11F0CBF5800EBEB44 /* Resources */ = {
			isa = PBXResourcesBuildPhase;
			buildActionMask = 2147483647;
			files = (
				9621BBE11F0CBF5800EBEB44 /* LaunchScreen.storyboard in Resources */,
				9621BBDE1F0CBF5800EBEB44 /* Assets.xcassets in Resources */,
				9621BBDC1F0CBF5800EBEB44 /* Main.storyboard in Resources */,
			);
			runOnlyForDeploymentPostprocessing = 0;
		};
		9621BBE51F0CBF5800EBEB44 /* Resources */ = {
			isa = PBXResourcesBuildPhase;
			buildActionMask = 2147483647;
			files = (
			);
			runOnlyForDeploymentPostprocessing = 0;
		};
		9621BBF01F0CBF5800EBEB44 /* Resources */ = {
			isa = PBXResourcesBuildPhase;
			buildActionMask = 2147483647;
			files = (
			);
			runOnlyForDeploymentPostprocessing = 0;
		};
/* End PBXResourcesBuildPhase section */

/* Begin PBXSourcesBuildPhase section */
		9621BBCF1F0CBF5800EBEB44 /* Sources */ = {
			isa = PBXSourcesBuildPhase;
			buildActionMask = 2147483647;
			files = (
				9621BBD91F0CBF5800EBEB44 /* ViewController.swift in Sources */,
				9621BBD71F0CBF5800EBEB44 /* AppDelegate.swift in Sources */,
			);
			runOnlyForDeploymentPostprocessing = 0;
		};
		9621BBE31F0CBF5800EBEB44 /* Sources */ = {
			isa = PBXSourcesBuildPhase;
			buildActionMask = 2147483647;
			files = (
				9621BBEC1F0CBF5800EBEB44 /* JojoPizzaNotificationTests.swift in Sources */,
			);
			runOnlyForDeploymentPostprocessing = 0;
		};
		9621BBEE1F0CBF5800EBEB44 /* Sources */ = {
			isa = PBXSourcesBuildPhase;
			buildActionMask = 2147483647;
			files = (
				9621BBF71F0CBF5800EBEB44 /* JojoPizzaNotificationUITests.swift in Sources */,
			);
			runOnlyForDeploymentPostprocessing = 0;
		};
/* End PBXSourcesBuildPhase section */

/* Begin PBXTargetDependency section */
		9621BBE91F0CBF5800EBEB44 /* PBXTargetDependency */ = {
			isa = PBXTargetDependency;
			target = 9621BBD21F0CBF5800EBEB44 /* JojoPizzaNotification */;
			targetProxy = 9621BBE81F0CBF5800EBEB44 /* PBXContainerItemProxy */;
		};
		9621BBF41F0CBF5800EBEB44 /* PBXTargetDependency */ = {
			isa = PBXTargetDependency;
			target = 9621BBD21F0CBF5800EBEB44 /* JojoPizzaNotification */;
			targetProxy = 9621BBF31F0CBF5800EBEB44 /* PBXContainerItemProxy */;
		};
/* End PBXTargetDependency section */

/* Begin PBXVariantGroup section */
		9621BBDA1F0CBF5800EBEB44 /* Main.storyboard */ = {
			isa = PBXVariantGroup;
			children = (
				9621BBDB1F0CBF5800EBEB44 /* Base */,
			);
			name = Main.storyboard;
			sourceTree = "<group>";
		};
		9621BBDF1F0CBF5800EBEB44 /* LaunchScreen.storyboard */ = {
			isa = PBXVariantGroup;
			children = (
				9621BBE01F0CBF5800EBEB44 /* Base */,
			);
			name = LaunchScreen.storyboard;
			sourceTree = "<group>";
		};
/* End PBXVariantGroup section */

/* Begin XCBuildConfiguration section */
		9621BBF91F0CBF5800EBEB44 /* Debug */ = {
			isa = XCBuildConfiguration;
			buildSettings = {
				ALWAYS_SEARCH_USER_PATHS = NO;
				CLANG_ANALYZER_NONNULL = YES;
				CLANG_ANALYZER_NUMBER_OBJECT_CONVERSION = YES_AGGRESSIVE;
				CLANG_CXX_LANGUAGE_STANDARD = "gnu++0x";
				CLANG_CXX_LIBRARY = "libc++";
				CLANG_ENABLE_MODULES = YES;
				CLANG_ENABLE_OBJC_ARC = YES;
				CLANG_WARN_BOOL_CONVERSION = YES;
				CLANG_WARN_CONSTANT_CONVERSION = YES;
				CLANG_WARN_DIRECT_OBJC_ISA_USAGE = YES_ERROR;
				CLANG_WARN_DOCUMENTATION_COMMENTS = YES;
				CLANG_WARN_EMPTY_BODY = YES;
				CLANG_WARN_ENUM_CONVERSION = YES;
				CLANG_WARN_INFINITE_RECURSION = YES;
				CLANG_WARN_INT_CONVERSION = YES;
				CLANG_WARN_OBJC_ROOT_CLASS = YES_ERROR;
				CLANG_WARN_SUSPICIOUS_MOVE = YES;
				CLANG_WARN_UNREACHABLE_CODE = YES;
				CLANG_WARN__DUPLICATE_METHOD_MATCH = YES;
				"CODE_SIGN_IDENTITY[sdk=iphoneos*]" = "iPhone Developer";
				COPY_PHASE_STRIP = NO;
				DEBUG_INFORMATION_FORMAT = dwarf;
				ENABLE_STRICT_OBJC_MSGSEND = YES;
				ENABLE_TESTABILITY = YES;
				GCC_C_LANGUAGE_STANDARD = gnu99;
				GCC_DYNAMIC_NO_PIC = NO;
				GCC_NO_COMMON_BLOCKS = YES;
				GCC_OPTIMIZATION_LEVEL = 0;
				GCC_PREPROCESSOR_DEFINITIONS = (
					"DEBUG=1",
					"$(inherited)",
				);
				GCC_WARN_64_TO_32_BIT_CONVERSION = YES;
				GCC_WARN_ABOUT_RETURN_TYPE = YES_ERROR;
				GCC_WARN_UNDECLARED_SELECTOR = YES;
				GCC_WARN_UNINITIALIZED_AUTOS = YES_AGGRESSIVE;
				GCC_WARN_UNUSED_FUNCTION = YES;
				GCC_WARN_UNUSED_VARIABLE = YES;
				IPHONEOS_DEPLOYMENT_TARGET = 10.3;
				MTL_ENABLE_DEBUG_INFO = YES;
				ONLY_ACTIVE_ARCH = YES;
				SDKROOT = iphoneos;
				SWIFT_ACTIVE_COMPILATION_CONDITIONS = DEBUG;
				SWIFT_OPTIMIZATION_LEVEL = "-Onone";
				TARGETED_DEVICE_FAMILY = "1,2";
			};
			name = Debug;
		};
		9621BBFA1F0CBF5800EBEB44 /* Release */ = {
			isa = XCBuildConfiguration;
			buildSettings = {
				ALWAYS_SEARCH_USER_PATHS = NO;
				CLANG_ANALYZER_NONNULL = YES;
				CLANG_ANALYZER_NUMBER_OBJECT_CONVERSION = YES_AGGRESSIVE;
				CLANG_CXX_LANGUAGE_STANDARD = "gnu++0x";
				CLANG_CXX_LIBRARY = "libc++";
				CLANG_ENABLE_MODULES = YES;
				CLANG_ENABLE_OBJC_ARC = YES;
				CLANG_WARN_BOOL_CONVERSION = YES;
				CLANG_WARN_CONSTANT_CONVERSION = YES;
				CLANG_WARN_DIRECT_OBJC_ISA_USAGE = YES_ERROR;
				CLANG_WARN_DOCUMENTATION_COMMENTS = YES;
				CLANG_WARN_EMPTY_BODY = YES;
				CLANG_WARN_ENUM_CONVERSION = YES;
				CLANG_WARN_INFINITE_RECURSION = YES;
				CLANG_WARN_INT_CONVERSION = YES;
				CLANG_WARN_OBJC_ROOT_CLASS = YES_ERROR;
				CLANG_WARN_SUSPICIOUS_MOVE = YES;
				CLANG_WARN_UNREACHABLE_CODE = YES;
				CLANG_WARN__DUPLICATE_METHOD_MATCH = YES;
				"CODE_SIGN_IDENTITY[sdk=iphoneos*]" = "iPhone Developer";
				COPY_PHASE_STRIP = NO;
				DEBUG_INFORMATION_FORMAT = "dwarf-with-dsym";
				ENABLE_NS_ASSERTIONS = NO;
				ENABLE_STRICT_OBJC_MSGSEND = YES;
				GCC_C_LANGUAGE_STANDARD = gnu99;
				GCC_NO_COMMON_BLOCKS = YES;
				GCC_WARN_64_TO_32_BIT_CONVERSION = YES;
				GCC_WARN_ABOUT_RETURN_TYPE = YES_ERROR;
				GCC_WARN_UNDECLARED_SELECTOR = YES;
				GCC_WARN_UNINITIALIZED_AUTOS = YES_AGGRESSIVE;
				GCC_WARN_UNUSED_FUNCTION = YES;
				GCC_WARN_UNUSED_VARIABLE = YES;
				IPHONEOS_DEPLOYMENT_TARGET = 10.3;
				MTL_ENABLE_DEBUG_INFO = NO;
				SDKROOT = iphoneos;
				SWIFT_OPTIMIZATION_LEVEL = "-Owholemodule";
				TARGETED_DEVICE_FAMILY = "1,2";
				VALIDATE_PRODUCT = YES;
			};
			name = Release;
		};
		9621BBFC1F0CBF5800EBEB44 /* Debug */ = {
			isa = XCBuildConfiguration;
			buildSettings = {
				ASSETCATALOG_COMPILER_APPICON_NAME = AppIcon;
				INFOPLIST_FILE = JojoPizzaNotification/Info.plist;
				LD_RUNPATH_SEARCH_PATHS = "$(inherited) @executable_path/Frameworks";
				PRODUCT_BUNDLE_IDENTIFIER = com.abhay.JojoPizzaNotification;
				PRODUCT_NAME = "$(TARGET_NAME)";
				SWIFT_VERSION = 3.0;
			};
			name = Debug;
		};
		9621BBFD1F0CBF5800EBEB44 /* Release */ = {
			isa = XCBuildConfiguration;
			buildSettings = {
				ASSETCATALOG_COMPILER_APPICON_NAME = AppIcon;
				INFOPLIST_FILE = JojoPizzaNotification/Info.plist;
				LD_RUNPATH_SEARCH_PATHS = "$(inherited) @executable_path/Frameworks";
				PRODUCT_BUNDLE_IDENTIFIER = com.abhay.JojoPizzaNotification;
				PRODUCT_NAME = "$(TARGET_NAME)";
				SWIFT_VERSION = 3.0;
			};
			name = Release;
		};
		9621BBFF1F0CBF5800EBEB44 /* Debug */ = {
			isa = XCBuildConfiguration;
			buildSettings = {
				ALWAYS_EMBED_SWIFT_STANDARD_LIBRARIES = YES;
				BUNDLE_LOADER = "$(TEST_HOST)";
				INFOPLIST_FILE = JojoPizzaNotificationTests/Info.plist;
				LD_RUNPATH_SEARCH_PATHS = "$(inherited) @executable_path/Frameworks @loader_path/Frameworks";
				PRODUCT_BUNDLE_IDENTIFIER = com.abhay.JojoPizzaNotificationTests;
				PRODUCT_NAME = "$(TARGET_NAME)";
				SWIFT_VERSION = 3.0;
				TEST_HOST = "$(BUILT_PRODUCTS_DIR)/JojoPizzaNotification.app/JojoPizzaNotification";
			};
			name = Debug;
		};
		9621BC001F0CBF5800EBEB44 /* Release */ = {
			isa = XCBuildConfiguration;
			buildSettings = {
				ALWAYS_EMBED_SWIFT_STANDARD_LIBRARIES = YES;
				BUNDLE_LOADER = "$(TEST_HOST)";
				INFOPLIST_FILE = JojoPizzaNotificationTests/Info.plist;
				LD_RUNPATH_SEARCH_PATHS = "$(inherited) @executable_path/Frameworks @loader_path/Frameworks";
				PRODUCT_BUNDLE_IDENTIFIER = com.abhay.JojoPizzaNotificationTests;
				PRODUCT_NAME = "$(TARGET_NAME)";
				SWIFT_VERSION = 3.0;
				TEST_HOST = "$(BUILT_PRODUCTS_DIR)/JojoPizzaNotification.app/JojoPizzaNotification";
			};
			name = Release;
		};
		9621BC021F0CBF5800EBEB44 /* Debug */ = {
			isa = XCBuildConfiguration;
			buildSettings = {
				ALWAYS_EMBED_SWIFT_STANDARD_LIBRARIES = YES;
				INFOPLIST_FILE = JojoPizzaNotificationUITests/Info.plist;
				LD_RUNPATH_SEARCH_PATHS = "$(inherited) @executable_path/Frameworks @loader_path/Frameworks";
				PRODUCT_BUNDLE_IDENTIFIER = com.abhay.JojoPizzaNotificationUITests;
				PRODUCT_NAME = "$(TARGET_NAME)";
				SWIFT_VERSION = 3.0;
				TEST_TARGET_NAME = JojoPizzaNotification;
			};
			name = Debug;
		};
		9621BC031F0CBF5800EBEB44 /* Release */ = {
			isa = XCBuildConfiguration;
			buildSettings = {
				ALWAYS_EMBED_SWIFT_STANDARD_LIBRARIES = YES;
				INFOPLIST_FILE = JojoPizzaNotificationUITests/Info.plist;
				LD_RUNPATH_SEARCH_PATHS = "$(inherited) @executable_path/Frameworks @loader_path/Frameworks";
				PRODUCT_BUNDLE_IDENTIFIER = com.abhay.JojoPizzaNotificationUITests;
				PRODUCT_NAME = "$(TARGET_NAME)";
				SWIFT_VERSION = 3.0;
				TEST_TARGET_NAME = JojoPizzaNotification;
			};
			name = Release;
		};
/* End XCBuildConfiguration section */

/* Begin XCConfigurationList section */
		9621BBCE1F0CBF5800EBEB44 /* Build configuration list for PBXProject "JojoPizzaNotification" */ = {
			isa = XCConfigurationList;
			buildConfigurations = (
				9621BBF91F0CBF5800EBEB44 /* Debug */,
				9621BBFA1F0CBF5800EBEB44 /* Release */,
			);
			defaultConfigurationIsVisible = 0;
			defaultConfigurationName = Release;
		};
		9621BBFB1F0CBF5800EBEB44 /* Build configuration list for PBXNativeTarget "JojoPizzaNotification" */ = {
			isa = XCConfigurationList;
			buildConfigurations = (
				9621BBFC1F0CBF5800EBEB44 /* Debug */,
				9621BBFD1F0CBF5800EBEB44 /* Release */,
			);
			defaultConfigurationIsVisible = 0;
		};
		9621BBFE1F0CBF5800EBEB44 /* Build configuration list for PBXNativeTarget "JojoPizzaNotificationTests" */ = {
			isa = XCConfigurationList;
			buildConfigurations = (
				9621BBFF1F0CBF5800EBEB44 /* Debug */,
				9621BC001F0CBF5800EBEB44 /* Release */,
			);
			defaultConfigurationIsVisible = 0;
		};
		9621BC011F0CBF5800EBEB44 /* Build configuration list for PBXNativeTarget "JojoPizzaNotificationUITests" */ = {
			isa = XCConfigurationList;
			buildConfigurations = (
				9621BC021F0CBF5800EBEB44 /* Debug */,
				9621BC031F0CBF5800EBEB44 /* Release */,
			);
			defaultConfigurationIsVisible = 0;
		};
/* End XCConfigurationList section */
	};
	rootObject = 9621BBCB1F0CBF5800EBEB44 /* Project object */;
}
